
Microsoft Visual Studio Solution File, Format Version 12.00
# Visual Studio Version 17
VisualStudioVersion = 17.3.32929.385
MinimumVisualStudioVersion = 10.0.40219.1
Project("{FAE04EC0-301F-11D3-BF4B-00C04F79EFBC}") = "Ogrenci_Not_Kayit_Sistemi_Projesi", "Ogrenci_Not_Kayit_Sistemi_Projesi\Ogrenci_Not_Kayit_Sistemi_Projesi.csproj", "{291636AC-1967-4E5C-A320-AB7D599F73D4}"
EndProject
Global
	GlobalSection(SolutionConfigurationPlatforms) = preSolution
		Debug|Any CPU = Debug|Any CPU
		Release|Any CPU = Release|Any CPU
	EndGlobalSection
	GlobalSection(ProjectConfigurationPlatforms) = postSolution
		{291636AC-1967-4E5C-A320-AB7D599F73D4}.Debug|Any CPU.ActiveCfg = Debug|Any CPU
		{291636AC-1967-4E5C-A320-AB7D599F73D4}.Debug|Any CPU.Build.0 = Debug|Any CPU
		{291636AC-1967-4E5C-A320-AB7D599F73D4}.Release|Any CPU.ActiveCfg = Release|Any CPU
		{291636AC-1967-4E5C-A320-AB7D599F73D4}.Release|Any CPU.Build.0 = Release|Any CPU
	EndGlobalSection
	GlobalSection(SolutionProperties) = preSolution
		HideSolutionNode = FALSE
	EndGlobalSection
	GlobalSection(ExtensibilityGlobals) = postSolution
		SolutionGuid = {F4FED3D3-0710-4520-B92C-8BD91A52778F}
	EndGlobalSection
EndGlobal
